// !$*UTF8*$!
{
	archiveVersion = 1;
	classes = {
	};
	objectVersion = 56;
	objects = {

/* Begin PBXBuildFile section */
		206CE1832C0468220048D96C /* AppDelegate.swift in Sources */ = {isa = PBXBuildFile; fileRef = 206CE1822C0468220048D96C /* AppDelegate.swift */; };
		206CE1852C0468220048D96C /* SceneDelegate.swift in Sources */ = {isa = PBXBuildFile; fileRef = 206CE1842C0468220048D96C /* SceneDelegate.swift */; };
		206CE1872C0468220048D96C /* ViewController.swift in Sources */ = {isa = PBXBuildFile; fileRef = 206CE1862C0468220048D96C /* ViewController.swift */; };
		206CE18A2C0468220048D96C /* Main.storyboard in Resources */ = {isa = PBXBuildFile; fileRef = 206CE1882C0468220048D96C /* Main.storyboard */; };
		206CE18C2C0468240048D96C /* Assets.xcassets in Resources */ = {isa = PBXBuildFile; fileRef = 206CE18B2C0468240048D96C /* Assets.xcassets */; };
		206CE18F2C0468240048D96C /* LaunchScreen.storyboard in Resources */ = {isa = PBXBuildFile; fileRef = 206CE18D2C0468240048D96C /* LaunchScreen.storyboard */; };
		206CE1982C0482180048D96C /* SnapKit in Frameworks */ = {isa = PBXBuildFile; productRef = 206CE1972C0482180048D96C /* SnapKit */; };
		206CE19A2C0482180048D96C /* SnapKit-Dynamic in Frameworks */ = {isa = PBXBuildFile; productRef = 206CE1992C0482180048D96C /* SnapKit-Dynamic */; };
		206CE19D2C0486470048D96C /* NetworkManager.swift in Sources */ = {isa = PBXBuildFile; fileRef = 206CE19C2C0486470048D96C /* NetworkManager.swift */; };
		206CE1A02C0486F40048D96C /* Alamofire in Frameworks */ = {isa = PBXBuildFile; productRef = 206CE19F2C0486F40048D96C /* Alamofire */; };
		206CE1A22C0486F40048D96C /* AlamofireDynamic in Frameworks */ = {isa = PBXBuildFile; productRef = 206CE1A12C0486F40048D96C /* AlamofireDynamic */; };
		206CE1A42C0487100048D96C /* UserResponseModel.swift in Sources */ = {isa = PBXBuildFile; fileRef = 206CE1A32C0487100048D96C /* UserResponseModel.swift */; };
		206CE1A72C048DED0048D96C /* Kingfisher in Frameworks */ = {isa = PBXBuildFile; productRef = 206CE1A62C048DED0048D96C /* Kingfisher */; };
/* End PBXBuildFile section */

/* Begin PBXFileReference section */
		206CE17F2C0468220048D96C /* Hometask_github_application.app */ = {isa = PBXFileReference; explicitFileType = wrapper.application; includeInIndex = 0; path = Hometask_github_application.app; sourceTree = BUILT_PRODUCTS_DIR; };
		206CE1822C0468220048D96C /* AppDelegate.swift */ = {isa = PBXFileReference; lastKnownFileType = sourcecode.swift; path = AppDelegate.swift; sourceTree = "<group>"; };
		206CE1842C0468220048D96C /* SceneDelegate.swift */ = {isa = PBXFileReference; lastKnownFileType = sourcecode.swift; path = SceneDelegate.swift; sourceTree = "<group>"; };
		206CE1862C0468220048D96C /* ViewController.swift */ = {isa = PBXFileReference; lastKnownFileType = sourcecode.swift; path = ViewController.swift; sourceTree = "<group>"; };
		206CE1892C0468220048D96C /* Base */ = {isa = PBXFileReference; lastKnownFileType = file.storyboard; name = Base; path = Base.lproj/Main.storyboard; sourceTree = "<group>"; };
		206CE18B2C0468240048D96C /* Assets.xcassets */ = {isa = PBXFileReference; lastKnownFileType = folder.assetcatalog; path = Assets.xcassets; sourceTree = "<group>"; };
		206CE18E2C0468240048D96C /* Base */ = {isa = PBXFileReference; lastKnownFileType = file.storyboard; name = Base; path = Base.lproj/LaunchScreen.storyboard; sourceTree = "<group>"; };
		206CE1902C0468240048D96C /* Info.plist */ = {isa = PBXFileReference; lastKnownFileType = text.plist.xml; path = Info.plist; sourceTree = "<group>"; };
		206CE19C2C0486470048D96C /* NetworkManager.swift */ = {isa = PBXFileReference; lastKnownFileType = sourcecode.swift; path = NetworkManager.swift; sourceTree = "<group>"; };
		206CE1A32C0487100048D96C /* UserResponseModel.swift */ = {isa = PBXFileReference; lastKnownFileType = sourcecode.swift; path = UserResponseModel.swift; sourceTree = "<group>"; };
/* End PBXFileReference section */

/* Begin PBXFrameworksBuildPhase section */
		206CE17C2C0468220048D96C /* Frameworks */ = {
			isa = PBXFrameworksBuildPhase;
			buildActionMask = 2147483647;
			files = (
				206CE1A02C0486F40048D96C /* Alamofire in Frameworks */,
				206CE1A22C0486F40048D96C /* AlamofireDynamic in Frameworks */,
				206CE1982C0482180048D96C /* SnapKit in Frameworks */,
				206CE19A2C0482180048D96C /* SnapKit-Dynamic in Frameworks */,
				206CE1A72C048DED0048D96C /* Kingfisher in Frameworks */,
			);
			runOnlyForDeploymentPostprocessing = 0;
		};
/* End PBXFrameworksBuildPhase section */

/* Begin PBXGroup section */
		206CE1762C0468220048D96C = {
			isa = PBXGroup;
			children = (
				206CE1812C0468220048D96C /* Hometask_github_application */,
				206CE1802C0468220048D96C /* Products */,
			);
			sourceTree = "<group>";
		};
		206CE1802C0468220048D96C /* Products */ = {
			isa = PBXGroup;
			children = (
				206CE17F2C0468220048D96C /* Hometask_github_application.app */,
			);
			name = Products;
			sourceTree = "<group>";
		};
		206CE1812C0468220048D96C /* Hometask_github_application */ = {
			isa = PBXGroup;
			children = (
				206CE19B2C04862D0048D96C /* Entities */,
				206CE1822C0468220048D96C /* AppDelegate.swift */,
				206CE1842C0468220048D96C /* SceneDelegate.swift */,
				206CE1862C0468220048D96C /* ViewController.swift */,
				206CE1882C0468220048D96C /* Main.storyboard */,
				206CE18B2C0468240048D96C /* Assets.xcassets */,
				206CE18D2C0468240048D96C /* LaunchScreen.storyboard */,
				206CE1902C0468240048D96C /* Info.plist */,
			);
			path = Hometask_github_application;
			sourceTree = "<group>";
		};
		206CE19B2C04862D0048D96C /* Entities */ = {
			isa = PBXGroup;
			children = (
				206CE19C2C0486470048D96C /* NetworkManager.swift */,
				206CE1A32C0487100048D96C /* UserResponseModel.swift */,
			);
			path = Entities;
			sourceTree = "<group>";
		};
/* End PBXGroup section */

/* Begin PBXNativeTarget section */
		206CE17E2C0468220048D96C /* Hometask_github_application */ = {
			isa = PBXNativeTarget;
			buildConfigurationList = 206CE1932C0468240048D96C /* Build configuration list for PBXNativeTarget "Hometask_github_application" */;
			buildPhases = (
				206CE17B2C0468220048D96C /* Sources */,
				206CE17C2C0468220048D96C /* Frameworks */,
				206CE17D2C0468220048D96C /* Resources */,
			);
			buildRules = (
			);
			dependencies = (
			);
			name = Hometask_github_application;
			packageProductDependencies = (
				206CE1972C0482180048D96C /* SnapKit */,
				206CE1992C0482180048D96C /* SnapKit-Dynamic */,
				206CE19F2C0486F40048D96C /* Alamofire */,
				206CE1A12C0486F40048D96C /* AlamofireDynamic */,
				206CE1A62C048DED0048D96C /* Kingfisher */,
			);
			productName = Hometask_github_application;
			productReference = 206CE17F2C0468220048D96C /* Hometask_github_application.app */;
			productType = "com.apple.product-type.application";
		};
/* End PBXNativeTarget section */

/* Begin PBXProject section */
		206CE1772C0468220048D96C /* Project object */ = {
			isa = PBXProject;
			attributes = {
				BuildIndependentTargetsInParallel = 1;
				LastSwiftUpdateCheck = 1520;
				LastUpgradeCheck = 1520;
				TargetAttributes = {
					206CE17E2C0468220048D96C = {
						CreatedOnToolsVersion = 15.2;
					};
				};
			};
			buildConfigurationList = 206CE17A2C0468220048D96C /* Build configuration list for PBXProject "Hometask_github_application" */;
			compatibilityVersion = "Xcode 14.0";
			developmentRegion = en;
			hasScannedForEncodings = 0;
			knownRegions = (
				en,
				Base,
			);
			mainGroup = 206CE1762C0468220048D96C;
			packageReferences = (
				206CE1962C0482180048D96C /* XCRemoteSwiftPackageReference "SnapKit" */,
				206CE19E2C0486F40048D96C /* XCRemoteSwiftPackageReference "Alamofire" */,
				206CE1A52C048DED0048D96C /* XCRemoteSwiftPackageReference "Kingfisher" */,
			);
			productRefGroup = 206CE1802C0468220048D96C /* Products */;
			projectDirPath = "";
			projectRoot = "";
			targets = (
				206CE17E2C0468220048D96C /* Hometask_github_application */,
			);
		};
/* End PBXProject section */

/* Begin PBXResourcesBuildPhase section */
		206CE17D2C0468220048D96C /* Resources */ = {
			isa = PBXResourcesBuildPhase;
			buildActionMask = 2147483647;
			files = (
				206CE18F2C0468240048D96C /* LaunchScreen.storyboard in Resources */,
				206CE18C2C0468240048D96C /* Assets.xcassets in Resources */,
				206CE18A2C0468220048D96C /* Main.storyboard in Resources */,
			);
			runOnlyForDeploymentPostprocessing = 0;
		};
/* End PBXResourcesBuildPhase section */

/* Begin PBXSourcesBuildPhase section */
		206CE17B2C0468220048D96C /* Sources */ = {
			isa = PBXSourcesBuildPhase;
			buildActionMask = 2147483647;
			files = (
				206CE19D2C0486470048D96C /* NetworkManager.swift in Sources */,
				206CE1872C0468220048D96C /* ViewController.swift in Sources */,
				206CE1A42C0487100048D96C /* UserResponseModel.swift in Sources */,
				206CE1832C0468220048D96C /* AppDelegate.swift in Sources */,
				206CE1852C0468220048D96C /* SceneDelegate.swift in Sources */,
			);
			runOnlyForDeploymentPostprocessing = 0;
		};
/* End PBXSourcesBuildPhase section */

/* Begin PBXVariantGroup section */
		206CE1882C0468220048D96C /* Main.storyboard */ = {
			isa = PBXVariantGroup;
			children = (
				206CE1892C0468220048D96C /* Base */,
			);
			name = Main.storyboard;
			sourceTree = "<group>";
		};
		206CE18D2C0468240048D96C /* LaunchScreen.storyboard */ = {
			isa = PBXVariantGroup;
			children = (
				206CE18E2C0468240048D96C /* Base */,
			);
			name = LaunchScreen.storyboard;
			sourceTree = "<group>";
		};
/* End PBXVariantGroup section */

/* Begin XCBuildConfiguration section */
		206CE1912C0468240048D96C /* Debug */ = {
			isa = XCBuildConfiguration;
			buildSettings = {
				ALWAYS_SEARCH_USER_PATHS = NO;
				ASSETCATALOG_COMPILER_GENERATE_SWIFT_ASSET_SYMBOL_EXTENSIONS = YES;
				CLANG_ANALYZER_NONNULL = YES;
				CLANG_ANALYZER_NUMBER_OBJECT_CONVERSION = YES_AGGRESSIVE;
				CLANG_CXX_LANGUAGE_STANDARD = "gnu++20";
				CLANG_ENABLE_MODULES = YES;
				CLANG_ENABLE_OBJC_ARC = YES;
				CLANG_ENABLE_OBJC_WEAK = YES;
				CLANG_WARN_BLOCK_CAPTURE_AUTORELEASING = YES;
				CLANG_WARN_BOOL_CONVERSION = YES;
				CLANG_WARN_COMMA = YES;
				CLANG_WARN_CONSTANT_CONVERSION = YES;
				CLANG_WARN_DEPRECATED_OBJC_IMPLEMENTATIONS = YES;
				CLANG_WARN_DIRECT_OBJC_ISA_USAGE = YES_ERROR;
				CLANG_WARN_DOCUMENTATION_COMMENTS = YES;
				CLANG_WARN_EMPTY_BODY = YES;
				CLANG_WARN_ENUM_CONVERSION = YES;
				CLANG_WARN_INFINITE_RECURSION = YES;
				CLANG_WARN_INT_CONVERSION = YES;
				CLANG_WARN_NON_LITERAL_NULL_CONVERSION = YES;
				CLANG_WARN_OBJC_IMPLICIT_RETAIN_SELF = YES;
				CLANG_WARN_OBJC_LITERAL_CONVERSION = YES;
				CLANG_WARN_OBJC_ROOT_CLASS = YES_ERROR;
				CLANG_WARN_QUOTED_INCLUDE_IN_FRAMEWORK_HEADER = YES;
				CLANG_WARN_RANGE_LOOP_ANALYSIS = YES;
				CLANG_WARN_STRICT_PROTOTYPES = YES;
				CLANG_WARN_SUSPICIOUS_MOVE = YES;
				CLANG_WARN_UNGUARDED_AVAILABILITY = YES_AGGRESSIVE;
				CLANG_WARN_UNREACHABLE_CODE = YES;
				CLANG_WARN__DUPLICATE_METHOD_MATCH = YES;
				COPY_PHASE_STRIP = NO;
				DEBUG_INFORMATION_FORMAT = dwarf;
				ENABLE_STRICT_OBJC_MSGSEND = YES;
				ENABLE_TESTABILITY = YES;
				ENABLE_USER_SCRIPT_SANDBOXING = YES;
				GCC_C_LANGUAGE_STANDARD = gnu17;
				GCC_DYNAMIC_NO_PIC = NO;
				GCC_NO_COMMON_BLOCKS = YES;
				GCC_OPTIMIZATION_LEVEL = 0;
				GCC_PREPROCESSOR_DEFINITIONS = (
					"DEBUG=1",
					"$(inherited)",
				);
				GCC_WARN_64_TO_32_BIT_CONVERSION = YES;
				GCC_WARN_ABOUT_RETURN_TYPE = YES_ERROR;
				GCC_WARN_UNDECLARED_SELECTOR = YES;
				GCC_WARN_UNINITIALIZED_AUTOS = YES_AGGRESSIVE;
				GCC_WARN_UNUSED_FUNCTION = YES;
				GCC_WARN_UNUSED_VARIABLE = YES;
				IPHONEOS_DEPLOYMENT_TARGET = 17.2;
				LOCALIZATION_PREFERS_STRING_CATALOGS = YES;
				MTL_ENABLE_DEBUG_INFO = INCLUDE_SOURCE;
				MTL_FAST_MATH = YES;
				ONLY_ACTIVE_ARCH = YES;
				SDKROOT = iphoneos;
				SWIFT_ACTIVE_COMPILATION_CONDITIONS = "DEBUG $(inherited)";
				SWIFT_OPTIMIZATION_LEVEL = "-Onone";
			};
			name = Debug;
		};
		206CE1922C0468240048D96C /* Release */ = {
			isa = XCBuildConfiguration;
			buildSettings = {
				ALWAYS_SEARCH_USER_PATHS = NO;
				ASSETCATALOG_COMPILER_GENERATE_SWIFT_ASSET_SYMBOL_EXTENSIONS = YES;
				CLANG_ANALYZER_NONNULL = YES;
				CLANG_ANALYZER_NUMBER_OBJECT_CONVERSION = YES_AGGRESSIVE;
				CLANG_CXX_LANGUAGE_STANDARD = "gnu++20";
				CLANG_ENABLE_MODULES = YES;
				CLANG_ENABLE_OBJC_ARC = YES;
				CLANG_ENABLE_OBJC_WEAK = YES;
				CLANG_WARN_BLOCK_CAPTURE_AUTORELEASING = YES;
				CLANG_WARN_BOOL_CONVERSION = YES;
				CLANG_WARN_COMMA = YES;
				CLANG_WARN_CONSTANT_CONVERSION = YES;
				CLANG_WARN_DEPRECATED_OBJC_IMPLEMENTATIONS = YES;
				CLANG_WARN_DIRECT_OBJC_ISA_USAGE = YES_ERROR;
				CLANG_WARN_DOCUMENTATION_COMMENTS = YES;
				CLANG_WARN_EMPTY_BODY = YES;
				CLANG_WARN_ENUM_CONVERSION = YES;
				CLANG_WARN_INFINITE_RECURSION = YES;
				CLANG_WARN_INT_CONVERSION = YES;
				CLANG_WARN_NON_LITERAL_NULL_CONVERSION = YES;
				CLANG_WARN_OBJC_IMPLICIT_RETAIN_SELF = YES;
				CLANG_WARN_OBJC_LITERAL_CONVERSION = YES;
				CLANG_WARN_OBJC_ROOT_CLASS = YES_ERROR;
				CLANG_WARN_QUOTED_INCLUDE_IN_FRAMEWORK_HEADER = YES;
				CLANG_WARN_RANGE_LOOP_ANALYSIS = YES;
				CLANG_WARN_STRICT_PROTOTYPES = YES;
				CLANG_WARN_SUSPICIOUS_MOVE = YES;
				CLANG_WARN_UNGUARDED_AVAILABILITY = YES_AGGRESSIVE;
				CLANG_WARN_UNREACHABLE_CODE = YES;
				CLANG_WARN__DUPLICATE_METHOD_MATCH = YES;
				COPY_PHASE_STRIP = NO;
				DEBUG_INFORMATION_FORMAT = "dwarf-with-dsym";
				ENABLE_NS_ASSERTIONS = NO;
				ENABLE_STRICT_OBJC_MSGSEND = YES;
				ENABLE_USER_SCRIPT_SANDBOXING = YES;
				GCC_C_LANGUAGE_STANDARD = gnu17;
				GCC_NO_COMMON_BLOCKS = YES;
				GCC_WARN_64_TO_32_BIT_CONVERSION = YES;
				GCC_WARN_ABOUT_RETURN_TYPE = YES_ERROR;
				GCC_WARN_UNDECLARED_SELECTOR = YES;
				GCC_WARN_UNINITIALIZED_AUTOS = YES_AGGRESSIVE;
				GCC_WARN_UNUSED_FUNCTION = YES;
				GCC_WARN_UNUSED_VARIABLE = YES;
				IPHONEOS_DEPLOYMENT_TARGET = 17.2;
				LOCALIZATION_PREFERS_STRING_CATALOGS = YES;
				MTL_ENABLE_DEBUG_INFO = NO;
				MTL_FAST_MATH = YES;
				SDKROOT = iphoneos;
				SWIFT_COMPILATION_MODE = wholemodule;
				VALIDATE_PRODUCT = YES;
			};
			name = Release;
		};
		206CE1942C0468240048D96C /* Debug */ = {
			isa = XCBuildConfiguration;
			buildSettings = {
				ASSETCATALOG_COMPILER_APPICON_NAME = AppIcon;
				ASSETCATALOG_COMPILER_GLOBAL_ACCENT_COLOR_NAME = AccentColor;
				CODE_SIGN_STYLE = Automatic;
				CURRENT_PROJECT_VERSION = 1;
				GENERATE_INFOPLIST_FILE = YES;
				INFOPLIST_FILE = Hometask_github_application/Info.plist;
				INFOPLIST_KEY_UIApplicationSupportsIndirectInputEvents = YES;
				INFOPLIST_KEY_UILaunchStoryboardName = LaunchScreen;
				INFOPLIST_KEY_UIMainStoryboardFile = Main;
				INFOPLIST_KEY_UISupportedInterfaceOrientations_iPad = "UIInterfaceOrientationPortrait UIInterfaceOrientationPortraitUpsideDown UIInterfaceOrientationLandscapeLeft UIInterfaceOrientationLandscapeRight";
				INFOPLIST_KEY_UISupportedInterfaceOrientations_iPhone = "UIInterfaceOrientationPortrait UIInterfaceOrientationLandscapeLeft UIInterfaceOrientationLandscapeRight";
				IPHONEOS_DEPLOYMENT_TARGET = 17.0;
				LD_RUNPATH_SEARCH_PATHS = (
					"$(inherited)",
					"@executable_path/Frameworks",
				);
				MARKETING_VERSION = 1.0;
				PRODUCT_BUNDLE_IDENTIFIER = "com.nihadabdulalizada.Hometask-github-application";
				PRODUCT_NAME = "$(TARGET_NAME)";
				SWIFT_EMIT_LOC_STRINGS = YES;
				SWIFT_VERSION = 5.0;
				TARGETED_DEVICE_FAMILY = "1,2";
			};
			name = Debug;
		};
		206CE1952C0468240048D96C /* Release */ = {
			isa = XCBuildConfiguration;
			buildSettings = {
				ASSETCATALOG_COMPILER_APPICON_NAME = AppIcon;
				ASSETCATALOG_COMPILER_GLOBAL_ACCENT_COLOR_NAME = AccentColor;
				CODE_SIGN_STYLE = Automatic;
				CURRENT_PROJECT_VERSION = 1;
				GENERATE_INFOPLIST_FILE = YES;
				INFOPLIST_FILE = Hometask_github_application/Info.plist;
				INFOPLIST_KEY_UIApplicationSupportsIndirectInputEvents = YES;
				INFOPLIST_KEY_UILaunchStoryboardName = LaunchScreen;
				INFOPLIST_KEY_UIMainStoryboardFile = Main;
				INFOPLIST_KEY_UISupportedInterfaceOrientations_iPad = "UIInterfaceOrientationPortrait UIInterfaceOrientationPortraitUpsideDown UIInterfaceOrientationLandscapeLeft UIInterfaceOrientationLandscapeRight";
				INFOPLIST_KEY_UISupportedInterfaceOrientations_iPhone = "UIInterfaceOrientationPortrait UIInterfaceOrientationLandscapeLeft UIInterfaceOrientationLandscapeRight";
				IPHONEOS_DEPLOYMENT_TARGET = 17.0;
				LD_RUNPATH_SEARCH_PATHS = (
					"$(inherited)",
					"@executable_path/Frameworks",
				);
				MARKETING_VERSION = 1.0;
				PRODUCT_BUNDLE_IDENTIFIER = "com.nihadabdulalizada.Hometask-github-application";
				PRODUCT_NAME = "$(TARGET_NAME)";
				SWIFT_EMIT_LOC_STRINGS = YES;
				SWIFT_VERSION = 5.0;
				TARGETED_DEVICE_FAMILY = "1,2";
			};
			name = Release;
		};
/* End XCBuildConfiguration section */

/* Begin XCConfigurationList section */
		206CE17A2C0468220048D96C /* Build configuration list for PBXProject "Hometask_github_application" */ = {
			isa = XCConfigurationList;
			buildConfigurations = (
				206CE1912C0468240048D96C /* Debug */,
				206CE1922C0468240048D96C /* Release */,
			);
			defaultConfigurationIsVisible = 0;
			defaultConfigurationName = Release;
		};
		206CE1932C0468240048D96C /* Build configuration list for PBXNativeTarget "Hometask_github_application" */ = {
			isa = XCConfigurationList;
			buildConfigurations = (
				206CE1942C0468240048D96C /* Debug */,
				206CE1952C0468240048D96C /* Release */,
			);
			defaultConfigurationIsVisible = 0;
			defaultConfigurationName = Release;
		};
/* End XCConfigurationList section */

/* Begin XCRemoteSwiftPackageReference section */
		206CE1962C0482180048D96C /* XCRemoteSwiftPackageReference "SnapKit" */ = {
			isa = XCRemoteSwiftPackageReference;
			repositoryURL = "https://github.com/SnapKit/SnapKit.git";
			requirement = {
				kind = upToNextMajorVersion;
				minimumVersion = 5.7.1;
			};
		};
		206CE19E2C0486F40048D96C /* XCRemoteSwiftPackageReference "Alamofire" */ = {
			isa = XCRemoteSwiftPackageReference;
			repositoryURL = "https://github.com/Alamofire/Alamofire.git";
			requirement = {
				kind = upToNextMajorVersion;
				minimumVersion = 5.9.1;
			};
		};
		206CE1A52C048DED0048D96C /* XCRemoteSwiftPackageReference "Kingfisher" */ = {
			isa = XCRemoteSwiftPackageReference;
			repositoryURL = "https://github.com/onevcat/Kingfisher.git";
			requirement = {
				kind = upToNextMajorVersion;
				minimumVersion = 7.11.0;
			};
		};
/* End XCRemoteSwiftPackageReference section */

/* Begin XCSwiftPackageProductDependency section */
		206CE1972C0482180048D96C /* SnapKit */ = {
			isa = XCSwiftPackageProductDependency;
			package = 206CE1962C0482180048D96C /* XCRemoteSwiftPackageReference "SnapKit" */;
			productName = SnapKit;
		};
		206CE1992C0482180048D96C /* SnapKit-Dynamic */ = {
			isa = XCSwiftPackageProductDependency;
			package = 206CE1962C0482180048D96C /* XCRemoteSwiftPackageReference "SnapKit" */;
			productName = "SnapKit-Dynamic";
		};
		206CE19F2C0486F40048D96C /* Alamofire */ = {
			isa = XCSwiftPackageProductDependency;
			package = 206CE19E2C0486F40048D96C /* XCRemoteSwiftPackageReference "Alamofire" */;
			productName = Alamofire;
		};
		206CE1A12C0486F40048D96C /* AlamofireDynamic */ = {
			isa = XCSwiftPackageProductDependency;
			package = 206CE19E2C0486F40048D96C /* XCRemoteSwiftPackageReference "Alamofire" */;
			productName = AlamofireDynamic;
		};
		206CE1A62C048DED0048D96C /* Kingfisher */ = {
			isa = XCSwiftPackageProductDependency;
			package = 206CE1A52C048DED0048D96C /* XCRemoteSwiftPackageReference "Kingfisher" */;
			productName = Kingfisher;
		};
/* End XCSwiftPackageProductDependency section */
	};
	rootObject = 206CE1772C0468220048D96C /* Project object */;
}
